<?xml version="1.0" encoding="utf-8"?>
<Project ToolsVersion="4.0" xmlns="http://schemas.microsoft.com/developer/msbuild/2003">
  <ItemGroup>
    <Filter Include="Source Files">
      <UniqueIdentifier>{4FC737F1-C7A5-4376-A066-2A32D752A2FF}</UniqueIdentifier>
      <Extensions>cpp;c;cc;cxx;c++;cppm;ixx;def;odl;idl;hpj;bat;asm;asmx</Extensions>
    </Filter>
    <Filter Include="Header Files">
      <UniqueIdentifier>{93995380-89BD-4b04-88EB-625FBE52EBFB}</UniqueIdentifier>
      <Extensions>h;hh;hpp;hxx;h++;hm;inl;inc;ipp;xsd</Extensions>
    </Filter>
    <Filter Include="Resource Files">
      <UniqueIdentifier>{67DA6AB6-F800-4c08-8B7A-83BB121AAD01}</UniqueIdentifier>
      <Extensions>rc;ico;cur;bmp;dlg;rc2;rct;bin;rgs;gif;jpg;jpeg;jpe;resx;tiff;tif;png;wav;mfcribbon-ms</Extensions>
    </Filter>
    <Filter Include="Source Files\Dependencies">
      <UniqueIdentifier>{2b59863c-551f-492d-a690-ffdcaa2f7c44}</UniqueIdentifier>
    </Filter>
    <Filter Include="Source Files\Lumen">
      <UniqueIdentifier>{a6a60ed4-0c6e-4fba-9758-5f91deced8e1}</UniqueIdentifier>
    </Filter>
    <Filter Include="Source Files\Dependencies\imgui">
      <UniqueIdentifier>{f76589ef-23de-425a-bd61-41ba610d23fe}</UniqueIdentifier>
    </Filter>
    <Filter Include="Source Files\Dependencies\glad">
      <UniqueIdentifier>{9f292dab-b5f3-43ff-bacd-8715757d4db2}</UniqueIdentifier>
    </Filter>
    <Filter Include="Source Files\Lumen\GLClasses">
      <UniqueIdentifier>{ffe8454d-bbf0-4950-8589-327c2a2bbaa7}</UniqueIdentifier>
    </Filter>
    <Filter Include="Source Files\Lumen\Application">
      <UniqueIdentifier>{1a265993-3150-4bed-9969-534499cdd780}</UniqueIdentifier>
    </Filter>
    <Filter Include="Source Files\Lumen\Misc">
      <UniqueIdentifier>{3aeca788-e3be-4bab-a635-aeb7d9846cdb}</UniqueIdentifier>
    </Filter>
    <Filter Include="Source Files\Lumen\Utils">
      <UniqueIdentifier>{f2524e36-e85c-4168-a3fa-719d857b6008}</UniqueIdentifier>
    </Filter>
    <Filter Include="Source Files\Lumen\Lumen-Core">
      <UniqueIdentifier>{49017ff4-3c91-4ad9-ac54-89cdbef769f7}</UniqueIdentifier>
    </Filter>
    <Filter Include="Source Files\Lumen\Lumen-Core\Lumen-Shaders">
      <UniqueIdentifier>{e98655fb-fe9b-49c6-aeb4-aaf8dca40331}</UniqueIdentifier>
    </Filter>
    <Filter Include="Source Files\Lumen\Lumen-Core\BVH">
      <UniqueIdentifier>{bc875e6e-3a33-4d2c-ab88-fd23d352174d}</UniqueIdentifier>
    </Filter>
    <Filter Include="Source Files\Lumen\Lumen-Core\Lumen-Shaders\Intersectors">
      <UniqueIdentifier>{fc4e0e8f-77da-4800-b338-6c75823c8100}</UniqueIdentifier>
    </Filter>
    <Filter Include="Source Files\Lumen\Lumen-Core\Lumen-Shaders\Intersectors\Include">
      <UniqueIdentifier>{c8744664-ed5a-4686-b703-1b1b61ce5695}</UniqueIdentifier>
    </Filter>
    <Filter Include="Source Files\Lumen\Lumen-Core\ThreadPool">
      <UniqueIdentifier>{03801680-f0dd-4842-8ff3-9e849fb2d7ac}</UniqueIdentifier>
    </Filter>
    <Filter Include="Source Files\Lumen\Lumen-Core\Lumen-Shaders\Include">
      <UniqueIdentifier>{132e0dd8-11cc-4f9b-ab0e-f53d0c6b81ab}</UniqueIdentifier>
    </Filter>
    <Filter Include="Source Files\Lumen\Lumen-Core\Lumen-Shaders\Surfel GI">
      <UniqueIdentifier>{593c1fa5-731d-44a2-ad22-7412a6139633}</UniqueIdentifier>
    </Filter>
    <Filter Include="Source Files\Lumen\Lumen-Core\Lumen-Shaders\Probe GI">
      <UniqueIdentifier>{f3d2fba3-09e5-4392-b8c3-477c4ba5f929}</UniqueIdentifier>
    </Filter>
    <Filter Include="Source Files\Dependencies\crc">
      <UniqueIdentifier>{3c938029-aa3a-4236-ad38-f037560a380a}</UniqueIdentifier>
    </Filter>
    <Filter Include="Source Files\Dependencies\imguizmo">
      <UniqueIdentifier>{3250f051-d038-4bcb-8b9c-0463d0d43469}</UniqueIdentifier>
    </Filter>
    <Filter Include="Source Files\Lumen\Lumen-Core\Physics">
      <UniqueIdentifier>{52728749-c7cc-49f2-8136-8526dfeb71ea}</UniqueIdentifier>
    </Filter>
    <Filter Include="Source Files\Lumen\Lumen-Core\Maths">
      <UniqueIdentifier>{760d74a9-2c25-4ad2-a497-b18c669930eb}</UniqueIdentifier>
    </Filter>
  </ItemGroup>
  <ItemGroup>
    <ClInclude Include="Dependencies\imgui\imconfig.h">
      <Filter>Source Files\Dependencies\imgui</Filter>
    </ClInclude>
    <ClInclude Include="Dependencies\imgui\imgui.h">
      <Filter>Source Files\Dependencies\imgui</Filter>
    </ClInclude>
    <ClInclude Include="Dependencies\imgui\imgui_impl_glfw.h">
      <Filter>Source Files\Dependencies\imgui</Filter>
    </ClInclude>
    <ClInclude Include="Dependencies\imgui\imgui_impl_opengl3.h">
      <Filter>Source Files\Dependencies\imgui</Filter>
    </ClInclude>
    <ClInclude Include="Dependencies\imgui\imgui_internal.h">
      <Filter>Source Files\Dependencies\imgui</Filter>
    </ClInclude>
    <ClInclude Include="Dependencies\imgui\imstb_rectpack.h">
      <Filter>Source Files\Dependencies\imgui</Filter>
    </ClInclude>
    <ClInclude Include="Dependencies\imgui\imstb_textedit.h">
      <Filter>Source Files\Dependencies\imgui</Filter>
    </ClInclude>
    <ClInclude Include="Dependencies\imgui\imstb_truetype.h">
      <Filter>Source Files\Dependencies\imgui</Filter>
    </ClInclude>
    <ClInclude Include="Core\GLClasses\ComputeShader.h">
      <Filter>Source Files\Lumen\GLClasses</Filter>
    </ClInclude>
    <ClInclude Include="Core\GLClasses\CubeTextureMap.h">
      <Filter>Source Files\Lumen\GLClasses</Filter>
    </ClInclude>
    <ClInclude Include="Core\GLClasses\Fps.h">
      <Filter>Source Files\Lumen\GLClasses</Filter>
    </ClInclude>
    <ClInclude Include="Core\GLClasses\Framebuffer.h">
      <Filter>Source Files\Lumen\GLClasses</Filter>
    </ClInclude>
    <ClInclude Include="Core\GLClasses\FramebufferRed.h">
      <Filter>Source Files\Lumen\GLClasses</Filter>
    </ClInclude>
    <ClInclude Include="Core\GLClasses\IndexBuffer.h">
      <Filter>Source Files\Lumen\GLClasses</Filter>
    </ClInclude>
    <ClInclude Include="Core\GLClasses\Shader.h">
      <Filter>Source Files\Lumen\GLClasses</Filter>
    </ClInclude>
    <ClInclude Include="Core\GLClasses\stb_image.h">
      <Filter>Source Files\Lumen\GLClasses</Filter>
    </ClInclude>
    <ClInclude Include="Core\GLClasses\Texture.h">
      <Filter>Source Files\Lumen\GLClasses</Filter>
    </ClInclude>
    <ClInclude Include="Core\GLClasses\TextureArray.h">
      <Filter>Source Files\Lumen\GLClasses</Filter>
    </ClInclude>
    <ClInclude Include="Core\GLClasses\VertexArray.h">
      <Filter>Source Files\Lumen\GLClasses</Filter>
    </ClInclude>
    <ClInclude Include="Core\GLClasses\VertexBuffer.h">
      <Filter>Source Files\Lumen\GLClasses</Filter>
    </ClInclude>
    <ClInclude Include="Core\Application\Application.h">
      <Filter>Source Files\Lumen\Application</Filter>
    </ClInclude>
    <ClInclude Include="Core\Application\Logger.h">
      <Filter>Source Files\Lumen\Application</Filter>
    </ClInclude>
    <ClInclude Include="Core\FpsCamera.h">
      <Filter>Source Files\Lumen\Misc</Filter>
    </ClInclude>
    <ClInclude Include="Core\OrthographicCamera.h">
      <Filter>Source Files\Lumen\Misc</Filter>
    </ClInclude>
    <ClInclude Include="Core\Utils\Random.h">
      <Filter>Source Files\Lumen\Utils</Filter>
    </ClInclude>
    <ClInclude Include="Core\Utils\Timer.h">
      <Filter>Source Files\Lumen\Utils</Filter>
    </ClInclude>
    <ClInclude Include="Core\Mesh.h">
      <Filter>Source Files\Lumen\Lumen-Core</Filter>
    </ClInclude>
    <ClInclude Include="Core\ModelFileLoader.h">
      <Filter>Source Files\Lumen\Lumen-Core</Filter>
    </ClInclude>
    <ClInclude Include="Core\Utils\Vertex.h">
      <Filter>Source Files\Lumen\Utils</Filter>
    </ClInclude>
    <ClInclude Include="Core\Object.h">
      <Filter>Source Files\Lumen\Lumen-Core</Filter>
    </ClInclude>
    <ClInclude Include="Core\Pipeline.h">
      <Filter>Source Files\Lumen\Lumen-Core</Filter>
    </ClInclude>
    <ClInclude Include="Core\ModelRenderer.h">
      <Filter>Source Files\Lumen\Lumen-Core</Filter>
    </ClInclude>
    <ClInclude Include="Core\Entity.h">
      <Filter>Source Files\Lumen\Lumen-Core</Filter>
    </ClInclude>
    <ClInclude Include="Core\MeshOptimizer.h">
      <Filter>Source Files\Lumen\Lumen-Core</Filter>
    </ClInclude>
    <ClInclude Include="Core\ShadowRenderer.h">
      <Filter>Source Files\Lumen\Lumen-Core</Filter>
    </ClInclude>
    <ClInclude Include="Core\GLClasses\DepthBuffer.h">
      <Filter>Source Files\Lumen\GLClasses</Filter>
    </ClInclude>
    <ClInclude Include="Core\ProbeMap.h">
      <Filter>Source Files\Lumen\Lumen-Core</Filter>
    </ClInclude>
    <ClInclude Include="Core\BVH\BVHConstructor.h">
      <Filter>Source Files\Lumen\Lumen-Core\BVH</Filter>
    </ClInclude>
    <ClInclude Include="Core\BVH\Intersector.h">
      <Filter>Source Files\Lumen\Lumen-Core\BVH</Filter>
    </ClInclude>
    <ClInclude Include="Core\GLClasses\stb_include.h">
      <Filter>Source Files\Lumen\GLClasses</Filter>
    </ClInclude>
    <ClInclude Include="Core\Threadpool.h">
      <Filter>Source Files\Lumen\Lumen-Core\ThreadPool</Filter>
    </ClInclude>
    <ClInclude Include="Core\ShadowMapHandler.h">
      <Filter>Source Files\Lumen\Lumen-Core</Filter>
    </ClInclude>
    <ClInclude Include="Core\Shadowmap.h">
      <Filter>Source Files\Lumen\Lumen-Core</Filter>
    </ClInclude>
    <ClInclude Include="Core\Utility.h">
      <Filter>Source Files\Lumen\Lumen-Core</Filter>
    </ClInclude>
    <ClInclude Include="Core\ShaderManager.h">
      <Filter>Source Files\Lumen\Lumen-Core</Filter>
    </ClInclude>
    <ClInclude Include="Core\ProbeGI.h">
      <Filter>Source Files\Lumen\Lumen-Core</Filter>
    </ClInclude>
    <ClInclude Include="Dependencies\crc\CRC.h">
      <Filter>Source Files\Dependencies\crc</Filter>
    </ClInclude>
    <ClInclude Include="Core\TAAJitter.h">
      <Filter>Source Files\Lumen\Lumen-Core</Filter>
    </ClInclude>
    <ClInclude Include="Core\Player.h">
      <Filter>Source Files\Lumen\Lumen-Core</Filter>
    </ClInclude>
    <ClInclude Include="Core\AABB.h">
      <Filter>Source Files\Lumen\Lumen-Core</Filter>
    </ClInclude>
    <ClInclude Include="Core\CollisionHandler.h">
      <Filter>Source Files\Lumen\Lumen-Core</Filter>
    </ClInclude>
    <ClInclude Include="Core\Frustum.h">
      <Filter>Source Files\Lumen\Lumen-Core</Filter>
    </ClInclude>
    <ClInclude Include="Core\Plane.h">
      <Filter>Source Files\Lumen\Lumen-Core</Filter>
    </ClInclude>
    <ClInclude Include="Core\BloomFBO.h">
      <Filter>Source Files\Lumen\Lumen-Core</Filter>
    </ClInclude>
    <ClInclude Include="Core\BloomRenderer.h">
      <Filter>Source Files\Lumen\Lumen-Core</Filter>
    </ClInclude>
    <ClInclude Include="Dependencies\imguizmo\GraphEditor.h">
      <Filter>Source Files\Dependencies\imguizmo</Filter>
    </ClInclude>
    <ClInclude Include="Dependencies\imguizmo\ImCurveEdit.h">
      <Filter>Source Files\Dependencies\imguizmo</Filter>
    </ClInclude>
    <ClInclude Include="Dependencies\imguizmo\ImGradient.h">
      <Filter>Source Files\Dependencies\imguizmo</Filter>
    </ClInclude>
    <ClInclude Include="Dependencies\imguizmo\ImGuizmo.h">
      <Filter>Source Files\Dependencies\imguizmo</Filter>
    </ClInclude>
    <ClInclude Include="Dependencies\imguizmo\ImSequencer.h">
      <Filter>Source Files\Dependencies\imguizmo</Filter>
    </ClInclude>
    <ClInclude Include="Dependencies\imguizmo\ImZoomSlider.h">
      <Filter>Source Files\Dependencies\imguizmo</Filter>
    </ClInclude>
    <ClInclude Include="Core\Physics.h">
      <Filter>Source Files\Lumen\Lumen-Core\Physics</Filter>
    </ClInclude>
    <ClInclude Include="Core\PhysicsIntegrator.h">
      <Filter>Source Files\Lumen\Lumen-Core\Physics</Filter>
    </ClInclude>
    <ClInclude Include="Core\PhysicsObject.h">
      <Filter>Source Files\Lumen\Lumen-Core\Physics</Filter>
    </ClInclude>
    <ClInclude Include="Core\SkyShadowMap.h">
      <Filter>Source Files\Lumen\Lumen-Core</Filter>
    </ClInclude>
    <ClInclude Include="Core\MathsHelpers.h">
      <Filter>Source Files\Lumen\Lumen-Core\Maths</Filter>
    </ClInclude>
    <ClInclude Include="Core\Macros.h">
      <Filter>Source Files\Lumen\Lumen-Core</Filter>
    </ClInclude>
  </ItemGroup>
  <ItemGroup>
    <ClCompile Include="Dependencies\imgui\imgui.cpp">
      <Filter>Source Files\Dependencies\imgui</Filter>
    </ClCompile>
    <ClCompile Include="Dependencies\imgui\imgui_demo.cpp">
      <Filter>Source Files\Dependencies\imgui</Filter>
    </ClCompile>
    <ClCompile Include="Dependencies\imgui\imgui_draw.cpp">
      <Filter>Source Files\Dependencies\imgui</Filter>
    </ClCompile>
    <ClCompile Include="Dependencies\imgui\imgui_impl_glfw.cpp">
      <Filter>Source Files\Dependencies\imgui</Filter>
    </ClCompile>
    <ClCompile Include="Dependencies\imgui\imgui_impl_opengl3.cpp">
      <Filter>Source Files\Dependencies\imgui</Filter>
    </ClCompile>
    <ClCompile Include="Dependencies\imgui\imgui_widgets.cpp">
      <Filter>Source Files\Dependencies\imgui</Filter>
    </ClCompile>
    <ClCompile Include="Dependencies\glad\src\glad.c">
      <Filter>Source Files\Dependencies\glad</Filter>
    </ClCompile>
    <ClCompile Include="Core\GLClasses\ComputeShader.cpp">
      <Filter>Source Files\Lumen\GLClasses</Filter>
    </ClCompile>
    <ClCompile Include="Core\GLClasses\CubeTextureMap.cpp">
      <Filter>Source Files\Lumen\GLClasses</Filter>
    </ClCompile>
    <ClCompile Include="Core\GLClasses\Fps.cpp">
      <Filter>Source Files\Lumen\GLClasses</Filter>
    </ClCompile>
    <ClCompile Include="Core\GLClasses\Framebuffer.cpp">
      <Filter>Source Files\Lumen\GLClasses</Filter>
    </ClCompile>
    <ClCompile Include="Core\GLClasses\FramebufferRed.cpp">
      <Filter>Source Files\Lumen\GLClasses</Filter>
    </ClCompile>
    <ClCompile Include="Core\GLClasses\IndexBuffer.cpp">
      <Filter>Source Files\Lumen\GLClasses</Filter>
    </ClCompile>
    <ClCompile Include="Core\GLClasses\Shader.cpp">
      <Filter>Source Files\Lumen\GLClasses</Filter>
    </ClCompile>
    <ClCompile Include="Core\GLClasses\stb_image.cpp">
      <Filter>Source Files\Lumen\GLClasses</Filter>
    </ClCompile>
    <ClCompile Include="Core\GLClasses\Texture.cpp">
      <Filter>Source Files\Lumen\GLClasses</Filter>
    </ClCompile>
    <ClCompile Include="Core\GLClasses\TextureArray.cpp">
      <Filter>Source Files\Lumen\GLClasses</Filter>
    </ClCompile>
    <ClCompile Include="Core\GLClasses\VertexArray.cpp">
      <Filter>Source Files\Lumen\GLClasses</Filter>
    </ClCompile>
    <ClCompile Include="Core\GLClasses\VertexBuffer.cpp">
      <Filter>Source Files\Lumen\GLClasses</Filter>
    </ClCompile>
    <ClCompile Include="Core\Application\Application.cpp">
      <Filter>Source Files\Lumen\Application</Filter>
    </ClCompile>
    <ClCompile Include="Core\Application\Logger.cpp">
      <Filter>Source Files\Lumen\Application</Filter>
    </ClCompile>
    <ClCompile Include="Core\FpsCamera.cpp">
      <Filter>Source Files\Lumen\Misc</Filter>
    </ClCompile>
    <ClCompile Include="Core\OrthographicCamera.cpp">
      <Filter>Source Files\Lumen\Misc</Filter>
    </ClCompile>
    <ClCompile Include="main.cpp">
      <Filter>Source Files\Lumen</Filter>
    </ClCompile>
    <ClCompile Include="Core\Mesh.cpp">
      <Filter>Source Files\Lumen\Lumen-Core</Filter>
    </ClCompile>
    <ClCompile Include="Core\ModelFileLoader.cpp">
      <Filter>Source Files\Lumen\Lumen-Core</Filter>
    </ClCompile>
    <ClCompile Include="Core\Object.cpp">
      <Filter>Source Files\Lumen\Lumen-Core</Filter>
    </ClCompile>
    <ClCompile Include="Core\Pipeline.cpp">
      <Filter>Source Files\Lumen\Lumen-Core</Filter>
    </ClCompile>
    <ClCompile Include="Core\ModelRenderer.cpp">
      <Filter>Source Files\Lumen\Lumen-Core</Filter>
    </ClCompile>
    <ClCompile Include="Core\MeshOptimizer.cpp">
      <Filter>Source Files\Lumen\Lumen-Core</Filter>
    </ClCompile>
    <ClCompile Include="Core\ShadowRenderer.cpp">
      <Filter>Source Files\Lumen\Lumen-Core</Filter>
    </ClCompile>
    <ClCompile Include="Core\GLClasses\DepthBuffer.cpp">
      <Filter>Source Files\Lumen\GLClasses</Filter>
    </ClCompile>
    <ClCompile Include="Core\ProbeMap.cpp">
      <Filter>Source Files\Lumen\Lumen-Core</Filter>
    </ClCompile>
    <ClCompile Include="Core\BVH\BVHConstructor.cpp">
      <Filter>Source Files\Lumen\Lumen-Core\BVH</Filter>
    </ClCompile>
    <ClCompile Include="Core\BVH\Intersector.cpp">
      <Filter>Source Files\Lumen\Lumen-Core\BVH</Filter>
    </ClCompile>
    <ClCompile Include="Core\GLClasses\stb_include.cpp">
      <Filter>Source Files\Lumen\GLClasses</Filter>
    </ClCompile>
    <ClCompile Include="Core\Threadpool.cpp">
      <Filter>Source Files\Lumen\Lumen-Core\ThreadPool</Filter>
    </ClCompile>
    <ClCompile Include="Core\ShadowMapHandler.cpp">
      <Filter>Source Files\Lumen\Lumen-Core</Filter>
    </ClCompile>
    <ClCompile Include="Core\Shadowmap.cpp">
      <Filter>Source Files\Lumen\Lumen-Core</Filter>
    </ClCompile>
    <ClCompile Include="Core\ShaderManager.cpp">
      <Filter>Source Files\Lumen\Lumen-Core</Filter>
    </ClCompile>
    <ClCompile Include="Core\ProbeGI.cpp">
      <Filter>Source Files\Lumen\Lumen-Core</Filter>
    </ClCompile>
    <ClCompile Include="Core\TAAJitter.cpp">
      <Filter>Source Files\Lumen\Lumen-Core</Filter>
    </ClCompile>
    <ClCompile Include="Core\Player.cpp">
      <Filter>Source Files\Lumen\Lumen-Core</Filter>
    </ClCompile>
    <ClCompile Include="Core\Frustum.cpp">
      <Filter>Source Files\Lumen\Lumen-Core</Filter>
    </ClCompile>
    <ClCompile Include="Core\BloomFBO.cpp">
      <Filter>Source Files\Lumen\Lumen-Core</Filter>
    </ClCompile>
    <ClCompile Include="Core\BloomRenderer.cpp">
      <Filter>Source Files\Lumen\Lumen-Core</Filter>
    </ClCompile>
    <ClCompile Include="Dependencies\imguizmo\GraphEditor.cpp">
      <Filter>Source Files\Dependencies\imguizmo</Filter>
    </ClCompile>
    <ClCompile Include="Dependencies\imguizmo\ImCurveEdit.cpp">
      <Filter>Source Files\Dependencies\imguizmo</Filter>
    </ClCompile>
    <ClCompile Include="Dependencies\imguizmo\ImGradient.cpp">
      <Filter>Source Files\Dependencies\imguizmo</Filter>
    </ClCompile>
    <ClCompile Include="Dependencies\imguizmo\ImGuizmo.cpp">
      <Filter>Source Files\Dependencies\imguizmo</Filter>
    </ClCompile>
    <ClCompile Include="Dependencies\imguizmo\ImSequencer.cpp">
      <Filter>Source Files\Dependencies\imguizmo</Filter>
    </ClCompile>
    <ClCompile Include="Core\Physics.cpp">
      <Filter>Source Files\Lumen\Lumen-Core\Physics</Filter>
    </ClCompile>
    <ClCompile Include="Core\PhysicsIntegrator.cpp">
      <Filter>Source Files\Lumen\Lumen-Core\Physics</Filter>
    </ClCompile>
    <ClCompile Include="Core\Entity.cpp">
      <Filter>Source Files</Filter>
    </ClCompile>
    <ClCompile Include="Core\SkyShadowMap.cpp">
      <Filter>Source Files\Lumen\Lumen-Core</Filter>
    </ClCompile>
    <ClCompile Include="Core\MathsHelpers.cpp">
      <Filter>Source Files\Lumen\Lumen-Core\Maths</Filter>
    </ClCompile>
  </ItemGroup>
  <ItemGroup>
    <None Include="Core\Shaders\BasicFrag.glsl">
      <Filter>Source Files\Lumen\Lumen-Core\Lumen-Shaders</Filter>
    </None>
    <None Include="Core\Shaders\BasicVert.glsl">
      <Filter>Source Files\Lumen\Lumen-Core\Lumen-Shaders</Filter>
    </None>
    <None Include="Core\Shaders\Composite.glsl">
      <Filter>Source Files\Lumen\Lumen-Core\Lumen-Shaders</Filter>
    </None>
    <None Include="Core\Shaders\FBOVert.glsl">
      <Filter>Source Files\Lumen\Lumen-Core\Lumen-Shaders</Filter>
    </None>
    <None Include="Core\Shaders\GeometryFrag.glsl">
      <Filter>Source Files\Lumen\Lumen-Core\Lumen-Shaders</Filter>
    </None>
    <None Include="Core\Shaders\GeometryVert.glsl">
      <Filter>Source Files\Lumen\Lumen-Core\Lumen-Shaders</Filter>
    </None>
    <None Include="Core\Shaders\ColorPass.glsl">
      <Filter>Source Files\Lumen\Lumen-Core\Lumen-Shaders</Filter>
    </None>
    <None Include="Core\Shaders\DepthFrag.glsl">
      <Filter>Source Files\Lumen\Lumen-Core\Lumen-Shaders</Filter>
    </None>
    <None Include="Core\Shaders\DepthVert.glsl">
      <Filter>Source Files\Lumen\Lumen-Core\Lumen-Shaders</Filter>
    </None>
    <None Include="Core\Shaders\ProbeForwardFrag.glsl">
      <Filter>Source Files\Lumen\Lumen-Core\Lumen-Shaders</Filter>
    </None>
    <None Include="Core\Shaders\ProbeForwardVert.glsl">
      <Filter>Source Files\Lumen\Lumen-Core\Lumen-Shaders</Filter>
    </None>
    <None Include="Core\Shaders\DiffuseTrace.glsl">
      <Filter>Source Files\Lumen\Lumen-Core\Lumen-Shaders</Filter>
    </None>
    <None Include="Core\Shaders\TraverseBVH.glsl">
      <Filter>Source Files\Lumen\Lumen-Core\Lumen-Shaders\Intersectors\Include</Filter>
    </None>
    <None Include="Core\Shaders\Intersectors\Include\TraverseBVHStack.glsl">
      <Filter>Source Files\Lumen\Lumen-Core\Lumen-Shaders\Intersectors\Include</Filter>
    </None>
    <None Include="Core\Shaders\Intersectors\Include\TraverseBVHStackless.glsl">
      <Filter>Source Files\Lumen\Lumen-Core\Lumen-Shaders\Intersectors\Include</Filter>
    </None>
    <None Include="Core\Shaders\Intersectors\TraverseBVHStack.glsl">
      <Filter>Source Files\Lumen\Lumen-Core\Lumen-Shaders\Intersectors</Filter>
    </None>
    <None Include="Core\Shaders\Intersectors\TraverseBVHStackless.glsl">
      <Filter>Source Files\Lumen\Lumen-Core\Lumen-Shaders\Intersectors</Filter>
    </None>
    <None Include="Core\Shaders\Intersectors\TraverseBVHStacklessShadow.glsl">
      <Filter>Source Files\Lumen\Lumen-Core\Lumen-Shaders\Intersectors</Filter>
    </None>
    <None Include="Core\Shaders\Intersectors\TraverseBVHStackShadow.glsl">
      <Filter>Source Files\Lumen\Lumen-Core\Lumen-Shaders\Intersectors</Filter>
    </None>
    <None Include="Core\Shaders\Include\Octahedral.glsl">
      <Filter>Source Files\Lumen\Lumen-Core\Lumen-Shaders\Include</Filter>
    </None>
    <None Include="Core\Shaders\Include\Reservoir.glsl">
      <Filter>Source Files\Lumen\Lumen-Core\Lumen-Shaders\Include</Filter>
    </None>
    <None Include="Core\Shaders\CheckerboardReconstruct.glsl">
      <Filter>Source Files\Lumen\Lumen-Core\Lumen-Shaders</Filter>
    </None>
    <None Include="Core\Shaders\Temporal.glsl">
      <Filter>Source Files\Lumen\Lumen-Core\Lumen-Shaders</Filter>
    </None>
    <None Include="Core\Shaders\UpdateRadianceProbes.glsl">
      <Filter>Source Files\Lumen\Lumen-Core\Lumen-Shaders\Probe GI</Filter>
    </None>
    <None Include="Core\Shaders\Surfel\SurfelSpawn.glsl">
      <Filter>Source Files\Lumen\Lumen-Core\Lumen-Shaders\Surfel GI</Filter>
    </None>
    <None Include="Core\Shaders\Include\SphericalHarmonics.glsl">
      <Filter>Source Files\Lumen\Lumen-Core\Lumen-Shaders\Include</Filter>
    </None>
    <None Include="Core\Shaders\Include\DebugIrradianceCache.glsl">
      <Filter>Source Files\Lumen\Lumen-Core\Lumen-Shaders\Include</Filter>
    </None>
    <None Include="Core\Shaders\Include\CookTorranceBRDF.glsl">
      <Filter>Source Files\Lumen\Lumen-Core\Lumen-Shaders\Include</Filter>
    </None>
    <None Include="Core\Shaders\Include\Utility.glsl">
      <Filter>Source Files\Lumen\Lumen-Core\Lumen-Shaders\Include</Filter>
    </None>
    <None Include="Core\Shaders\MotionVectors.glsl">
      <Filter>Source Files\Lumen\Lumen-Core\Lumen-Shaders</Filter>
    </None>
    <None Include="Core\Shaders\Include\SpatialUtility.glsl">
      <Filter>Source Files\Lumen\Lumen-Core\Lumen-Shaders\Include</Filter>
    </None>
    <None Include="Core\Shaders\Include\Sampling.glsl">
      <Filter>Source Files\Lumen\Lumen-Core\Lumen-Shaders\Include</Filter>
    </None>
    <None Include="Core\Shaders\CopyVolume.glsl">
      <Filter>Source Files\Lumen\Lumen-Core\Lumen-Shaders</Filter>
    </None>
    <None Include="Core\Shaders\DiffuseRayGenerate.glsl">
      <Filter>Source Files\Lumen\Lumen-Core\Lumen-Shaders</Filter>
    </None>
    <None Include="Core\Shaders\SpatialFilter.glsl">
      <Filter>Source Files\Lumen\Lumen-Core\Lumen-Shaders</Filter>
    </None>
    <None Include="Core\Shaders\SpatialVariance.glsl">
      <Filter>Source Files\Lumen\Lumen-Core\Lumen-Shaders</Filter>
    </None>
    <None Include="Core\Shaders\SpecularTrace.glsl">
      <Filter>Source Files\Lumen\Lumen-Core\Lumen-Shaders</Filter>
    </None>
    <None Include="Core\Shaders\Include\SphericalGaussian.glsl">
      <Filter>Source Files\Lumen\Lumen-Core\Lumen-Shaders\Include</Filter>
    </None>
    <None Include="Core\Shaders\Include\Karis.glsl">
      <Filter>Source Files\Lumen\Lumen-Core\Lumen-Shaders\Include</Filter>
    </None>
    <None Include="Core\Shaders\TAA.glsl">
      <Filter>Source Files\Lumen\Lumen-Core\Lumen-Shaders</Filter>
    </None>
    <None Include="Core\Shaders\CAS.glsl">
      <Filter>Source Files\Lumen\Lumen-Core\Lumen-Shaders</Filter>
    </None>
    <None Include="Core\Shaders\Volumetrics.glsl">
      <Filter>Source Files\Lumen\Lumen-Core\Lumen-Shaders</Filter>
    </None>
    <None Include="Core\Shaders\SpatialUpscale.glsl">
      <Filter>Source Files\Lumen\Lumen-Core\Lumen-Shaders</Filter>
    </None>
    <None Include="Core\Shaders\Include\DiffuseSH.glsl">
      <Filter>Source Files\Lumen\Lumen-Core\Lumen-Shaders\Include</Filter>
    </None>
    <None Include="Core\Shaders\Include\3DNoise.glsl">
      <Filter>Source Files\Lumen\Lumen-Core\Lumen-Shaders\Include</Filter>
    </None>
    <None Include="Core\Shaders\Intersectors\Include\CollideBVHStack.glsl">
      <Filter>Source Files\Lumen\Lumen-Core\Lumen-Shaders\Intersectors\Include</Filter>
    </None>
    <None Include="Core\Shaders\Intersectors\Include\CollideBVHStackless.glsl">
      <Filter>Source Files\Lumen\Lumen-Core\Lumen-Shaders\Intersectors\Include</Filter>
    </None>
    <None Include="Core\Shaders\Collide.comp">
      <Filter>Source Files\Lumen\Lumen-Core\Lumen-Shaders</Filter>
    </None>
    <None Include="Core\Shaders\Include\Physics.glsl">
      <Filter>Source Files\Lumen\Lumen-Core\Lumen-Shaders\Include</Filter>
    </None>
    <None Include="Core\Shaders\BloomBlurTwoPass.glsl">
      <Filter>Source Files\Lumen\Lumen-Core\Lumen-Shaders</Filter>
    </None>
    <None Include="Core\Shaders\BloomMask.glsl">
      <Filter>Source Files\Lumen\Lumen-Core\Lumen-Shaders</Filter>
    </None>
    <None Include="Core\Shaders\Include\SampleSkyVisibilityHemisSM.glsl">
      <Filter>Source Files\Lumen\Lumen-Core\Lumen-Shaders\Include</Filter>
    </None>
    <None Include="Core\Shaders\Include\DDA.glsl">
      <Filter>Source Files\Lumen\Lumen-Core\Lumen-Shaders\Include</Filter>
    </None>
    <None Include="Core\Shaders\Include\ProbeDebug.glsl">
      <Filter>Source Files\Lumen\Lumen-Core\Lumen-Shaders\Include</Filter>
    </None>
    <None Include="Core\Shaders\Include\SphereGridSDF.glsl">
      <Filter>Source Files\Lumen\Lumen-Core\Lumen-Shaders\Include</Filter>
    </None>
  </ItemGroup>
  <ItemGroup>
    <Text Include="Core\Shaders\Surfel\Readme.txt">
      <Filter>Source Files\Lumen\Lumen-Core\Lumen-Shaders\Surfel GI</Filter>
    </Text>
  </ItemGroup>
</Project>